<?xml version="1.0" encoding="utf-8"?>
<Project ToolsVersion="4.0" xmlns="http://schemas.microsoft.com/developer/msbuild/2003">
  <ItemGroup>
    <Filter Include="Source Files">
      <UniqueIdentifier>{4FC737F1-C7A5-4376-A066-2A32D752A2FF}</UniqueIdentifier>
      <Extensions>cpp;c;cc;cxx;c++;cppm;ixx;def;odl;idl;hpj;bat;asm;asmx</Extensions>
    </Filter>
    <Filter Include="Header Files">
      <UniqueIdentifier>{93995380-89BD-4b04-88EB-625FBE52EBFB}</UniqueIdentifier>
      <Extensions>h;hh;hpp;hxx;h++;hm;inl;inc;ipp;xsd</Extensions>
    </Filter>
    <Filter Include="Resource Files">
      <UniqueIdentifier>{67DA6AB6-F800-4c08-8B7A-83BB121AAD01}</UniqueIdentifier>
      <Extensions>rc;ico;cur;bmp;dlg;rc2;rct;bin;rgs;gif;jpg;jpeg;jpe;resx;tiff;tif;png;wav;mfcribbon-ms</Extensions>
    </Filter>
    <Filter Include="Source Files\duktape">
      <UniqueIdentifier>{4ea5b4e8-b780-47a4-a413-ad93196d792b}</UniqueIdentifier>
    </Filter>
    <Filter Include="Source Files\bindings">
      <UniqueIdentifier>{36cba54b-e0f7-4767-ae32-107452254602}</UniqueIdentifier>
    </Filter>
    <Filter Include="Source Files\PicoSHA2">
      <UniqueIdentifier>{f8865025-3000-4d2f-b03f-f33dbe4dd188}</UniqueIdentifier>
    </Filter>
    <Filter Include="Source Files\cpp-httplib">
      <UniqueIdentifier>{eb833bcf-9ef2-45ab-a71a-6b38a24c276e}</UniqueIdentifier>
    </Filter>
  </ItemGroup>
  <ItemGroup>
    <ClCompile Include="main.cpp">
      <Filter>Source Files</Filter>
    </ClCompile>
    <ClCompile Include="duktape\duktape.c">
      <Filter>Source Files\duktape</Filter>
    </ClCompile>
  </ItemGroup>
  <ItemGroup>
    <ClInclude Include="duktape\duk_config.h">
      <Filter>Source Files\duktape</Filter>
    </ClInclude>
    <ClInclude Include="duktape\duktape.h">
      <Filter>Source Files\duktape</Filter>
    </ClInclude>
    <ClInclude Include="main.h">
      <Filter>Source Files</Filter>
    </ClInclude>
    <ClInclude Include="bindings\chat.h">
      <Filter>Source Files\bindings</Filter>
    </ClInclude>
    <ClInclude Include="PicoSHA2\picosha2.h">
      <Filter>Source Files\PicoSHA2</Filter>
    </ClInclude>
    <ClInclude Include="cpp-httplib\httplib.h">
      <Filter>Source Files\cpp-httplib</Filter>
    </ClInclude>
  </ItemGroup>
  <ItemGroup>
    <None Include="jscontext_preload.js">
      <Filter>Source Files</Filter>
    </None>
  </ItemGroup>
</Project>